// !$*UTF8*$!
{
	archiveVersion = 1;
	classes = {
	};
	objectVersion = 56;
	objects = {

/* Begin PBXBuildFile section */
		FA8072402A30A83500DEA864 /* QuarterFlipApp.swift in Sources */ = {isa = PBXBuildFile; fileRef = FA80723F2A30A83500DEA864 /* QuarterFlipApp.swift */; };
		FA8072422A30A83500DEA864 /* ContentView.swift in Sources */ = {isa = PBXBuildFile; fileRef = FA8072412A30A83500DEA864 /* ContentView.swift */; };
		FA8072442A30A83700DEA864 /* Assets.xcassets in Resources */ = {isa = PBXBuildFile; fileRef = FA8072432A30A83700DEA864 /* Assets.xcassets */; };
		FA8072472A30A83700DEA864 /* Preview Assets.xcassets in Resources */ = {isa = PBXBuildFile; fileRef = FA8072462A30A83700DEA864 /* Preview Assets.xcassets */; };
		FA80724E2A30A87400DEA864 /* CoinTossHapticFeedback.swift in Sources */ = {isa = PBXBuildFile; fileRef = FA80724D2A30A87400DEA864 /* CoinTossHapticFeedback.swift */; };
		FA8072502A30AC6200DEA864 /* tails.png in Resources */ = {isa = PBXBuildFile; fileRef = FA80724F2A30AC6100DEA864 /* tails.png */; };
		FA8072522A30AC6D00DEA864 /* heads.png in Resources */ = {isa = PBXBuildFile; fileRef = FA8072512A30AC6D00DEA864 /* heads.png */; };
/* End PBXBuildFile section */

/* Begin PBXFileReference section */
		FA80723C2A30A83500DEA864 /* QuarterFlip.app */ = {isa = PBXFileReference; explicitFileType = wrapper.application; includeInIndex = 0; path = QuarterFlip.app; sourceTree = BUILT_PRODUCTS_DIR; };
		FA80723F2A30A83500DEA864 /* QuarterFlipApp.swift */ = {isa = PBXFileReference; lastKnownFileType = sourcecode.swift; path = QuarterFlipApp.swift; sourceTree = "<group>"; };
		FA8072412A30A83500DEA864 /* ContentView.swift */ = {isa = PBXFileReference; lastKnownFileType = sourcecode.swift; path = ContentView.swift; sourceTree = "<group>"; };
		FA8072432A30A83700DEA864 /* Assets.xcassets */ = {isa = PBXFileReference; lastKnownFileType = folder.assetcatalog; path = Assets.xcassets; sourceTree = "<group>"; };
		FA8072462A30A83700DEA864 /* Preview Assets.xcassets */ = {isa = PBXFileReference; lastKnownFileType = folder.assetcatalog; path = "Preview Assets.xcassets"; sourceTree = "<group>"; };
		FA80724D2A30A87400DEA864 /* CoinTossHapticFeedback.swift */ = {isa = PBXFileReference; lastKnownFileType = sourcecode.swift; path = CoinTossHapticFeedback.swift; sourceTree = "<group>"; };
		FA80724F2A30AC6100DEA864 /* tails.png */ = {isa = PBXFileReference; lastKnownFileType = image.png; path = tails.png; sourceTree = "<group>"; };
		FA8072512A30AC6D00DEA864 /* heads.png */ = {isa = PBXFileReference; lastKnownFileType = image.png; path = heads.png; sourceTree = "<group>"; };
/* End PBXFileReference section */

/* Begin PBXFrameworksBuildPhase section */
		FA8072392A30A83500DEA864 /* Frameworks */ = {
			isa = PBXFrameworksBuildPhase;
			buildActionMask = 2147483647;
			files = (
			);
			runOnlyForDeploymentPostprocessing = 0;
		};
/* End PBXFrameworksBuildPhase section */

/* Begin PBXGroup section */
		FA8072332A30A83500DEA864 = {
			isa = PBXGroup;
			children = (
				FA80723E2A30A83500DEA864 /* QuarterFlip */,
				FA80723D2A30A83500DEA864 /* Products */,
			);
			sourceTree = "<group>";
		};
		FA80723D2A30A83500DEA864 /* Products */ = {
			isa = PBXGroup;
			children = (
				FA80723C2A30A83500DEA864 /* QuarterFlip.app */,
			);
			name = Products;
			sourceTree = "<group>";
		};
		FA80723E2A30A83500DEA864 /* QuarterFlip */ = {
			isa = PBXGroup;
			children = (
				FA80723F2A30A83500DEA864 /* QuarterFlipApp.swift */,
				FA8072412A30A83500DEA864 /* ContentView.swift */,
				FA80724D2A30A87400DEA864 /* CoinTossHapticFeedback.swift */,
				FA80724F2A30AC6100DEA864 /* tails.png */,
				FA8072512A30AC6D00DEA864 /* heads.png */,
				FA8072432A30A83700DEA864 /* Assets.xcassets */,
				FA8072452A30A83700DEA864 /* Preview Content */,
			);
			path = QuarterFlip;
			sourceTree = "<group>";
		};
		FA8072452A30A83700DEA864 /* Preview Content */ = {
			isa = PBXGroup;
			children = (
				FA8072462A30A83700DEA864 /* Preview Assets.xcassets */,
			);
			path = "Preview Content";
			sourceTree = "<group>";
		};
/* End PBXGroup section */

/* Begin PBXNativeTarget section */
		FA80723B2A30A83500DEA864 /* QuarterFlip */ = {
			isa = PBXNativeTarget;
			buildConfigurationList = FA80724A2A30A83700DEA864 /* Build configuration list for PBXNativeTarget "QuarterFlip" */;
			buildPhases = (
				FA8072382A30A83500DEA864 /* Sources */,
				FA8072392A30A83500DEA864 /* Frameworks */,
				FA80723A2A30A83500DEA864 /* Resources */,
			);
			buildRules = (
			);
			dependencies = (
			);
			name = QuarterFlip;
			productName = QuarterFlip;
			productReference = FA80723C2A30A83500DEA864 /* QuarterFlip.app */;
			productType = "com.apple.product-type.application";
		};
/* End PBXNativeTarget section */

/* Begin PBXProject section */
		FA8072342A30A83500DEA864 /* Project object */ = {
			isa = PBXProject;
			attributes = {
				BuildIndependentTargetsInParallel = 1;
				LastSwiftUpdateCheck = 1430;
				LastUpgradeCheck = 1430;
				TargetAttributes = {
					FA80723B2A30A83500DEA864 = {
						CreatedOnToolsVersion = 14.3;
					};
				};
			};
			buildConfigurationList = FA8072372A30A83500DEA864 /* Build configuration list for PBXProject "QuarterFlip" */;
			compatibilityVersion = "Xcode 14.0";
			developmentRegion = en;
			hasScannedForEncodings = 0;
			knownRegions = (
				en,
				Base,
			);
			mainGroup = FA8072332A30A83500DEA864;
			productRefGroup = FA80723D2A30A83500DEA864 /* Products */;
			projectDirPath = "";
			projectRoot = "";
			targets = (
				FA80723B2A30A83500DEA864 /* QuarterFlip */,
			);
		};
/* End PBXProject section */

/* Begin PBXResourcesBuildPhase section */
		FA80723A2A30A83500DEA864 /* Resources */ = {
			isa = PBXResourcesBuildPhase;
			buildActionMask = 2147483647;
			files = (
				FA8072472A30A83700DEA864 /* Preview Assets.xcassets in Resources */,
				FA8072522A30AC6D00DEA864 /* heads.png in Resources */,
				FA8072442A30A83700DEA864 /* Assets.xcassets in Resources */,
				FA8072502A30AC6200DEA864 /* tails.png in Resources */,
			);
			runOnlyForDeploymentPostprocessing = 0;
		};
/* End PBXResourcesBuildPhase section */

/* Begin PBXSourcesBuildPhase section */
		FA8072382A30A83500DEA864 /* Sources */ = {
			isa = PBXSourcesBuildPhase;
			buildActionMask = 2147483647;
			files = (
				FA8072422A30A83500DEA864 /* ContentView.swift in Sources */,
				FA80724E2A30A87400DEA864 /* CoinTossHapticFeedback.swift in Sources */,
				FA8072402A30A83500DEA864 /* QuarterFlipApp.swift in Sources */,
			);
			runOnlyForDeploymentPostprocessing = 0;
		};
/* End PBXSourcesBuildPhase section */

/* Begin XCBuildConfiguration section */
		FA8072482A30A83700DEA864 /* Debug */ = {
			isa = XCBuildConfiguration;
			buildSettings = {
				ALWAYS_SEARCH_USER_PATHS = NO;
				CLANG_ANALYZER_NONNULL = YES;
				CLANG_ANALYZER_NUMBER_OBJECT_CONVERSION = YES_AGGRESSIVE;
				CLANG_CXX_LANGUAGE_STANDARD = "gnu++20";
				CLANG_ENABLE_MODULES = YES;
				CLANG_ENABLE_OBJC_ARC = YES;
				CLANG_ENABLE_OBJC_WEAK = YES;
				CLANG_WARN_BLOCK_CAPTURE_AUTORELEASING = YES;
				CLANG_WARN_BOOL_CONVERSION = YES;
				CLANG_WARN_COMMA = YES;
				CLANG_WARN_CONSTANT_CONVERSION = YES;
				CLANG_WARN_DEPRECATED_OBJC_IMPLEMENTATIONS = YES;
				CLANG_WARN_DIRECT_OBJC_ISA_USAGE = YES_ERROR;
				CLANG_WARN_DOCUMENTATION_COMMENTS = YES;
				CLANG_WARN_EMPTY_BODY = YES;
				CLANG_WARN_ENUM_CONVERSION = YES;
				CLANG_WARN_INFINITE_RECURSION = YES;
				CLANG_WARN_INT_CONVERSION = YES;
				CLANG_WARN_NON_LITERAL_NULL_CONVERSION = YES;
				CLANG_WARN_OBJC_IMPLICIT_RETAIN_SELF = YES;
				CLANG_WARN_OBJC_LITERAL_CONVERSION = YES;
				CLANG_WARN_OBJC_ROOT_CLASS = YES_ERROR;
				CLANG_WARN_QUOTED_INCLUDE_IN_FRAMEWORK_HEADER = YES;
				CLANG_WARN_RANGE_LOOP_ANALYSIS = YES;
				CLANG_WARN_STRICT_PROTOTYPES = YES;
				CLANG_WARN_SUSPICIOUS_MOVE = YES;
				CLANG_WARN_UNGUARDED_AVAILABILITY = YES_AGGRESSIVE;
				CLANG_WARN_UNREACHABLE_CODE = YES;
				CLANG_WARN__DUPLICATE_METHOD_MATCH = YES;
				COPY_PHASE_STRIP = NO;
				DEBUG_INFORMATION_FORMAT = dwarf;
				ENABLE_STRICT_OBJC_MSGSEND = YES;
				ENABLE_TESTABILITY = YES;
				GCC_C_LANGUAGE_STANDARD = gnu11;
				GCC_DYNAMIC_NO_PIC = NO;
				GCC_NO_COMMON_BLOCKS = YES;
				GCC_OPTIMIZATION_LEVEL = 0;
				GCC_PREPROCESSOR_DEFINITIONS = (
					"DEBUG=1",
					"$(inherited)",
				);
				GCC_WARN_64_TO_32_BIT_CONVERSION = YES;
				GCC_WARN_ABOUT_RETURN_TYPE = YES_ERROR;
				GCC_WARN_UNDECLARED_SELECTOR = YES;
				GCC_WARN_UNINITIALIZED_AUTOS = YES_AGGRESSIVE;
				GCC_WARN_UNUSED_FUNCTION = YES;
				GCC_WARN_UNUSED_VARIABLE = YES;
				IPHONEOS_DEPLOYMENT_TARGET = 16.4;
				MTL_ENABLE_DEBUG_INFO = INCLUDE_SOURCE;
				MTL_FAST_MATH = YES;
				ONLY_ACTIVE_ARCH = YES;
				SDKROOT = iphoneos;
				SWIFT_ACTIVE_COMPILATION_CONDITIONS = DEBUG;
				SWIFT_OPTIMIZATION_LEVEL = "-Onone";
			};
			name = Debug;
		};
		FA8072492A30A83700DEA864 /* Release */ = {
			isa = XCBuildConfiguration;
			buildSettings = {
				ALWAYS_SEARCH_USER_PATHS = NO;
				CLANG_ANALYZER_NONNULL = YES;
				CLANG_ANALYZER_NUMBER_OBJECT_CONVERSION = YES_AGGRESSIVE;
				CLANG_CXX_LANGUAGE_STANDARD = "gnu++20";
				CLANG_ENABLE_MODULES = YES;
				CLANG_ENABLE_OBJC_ARC = YES;
				CLANG_ENABLE_OBJC_WEAK = YES;
				CLANG_WARN_BLOCK_CAPTURE_AUTORELEASING = YES;
				CLANG_WARN_BOOL_CONVERSION = YES;
				CLANG_WARN_COMMA = YES;
				CLANG_WARN_CONSTANT_CONVERSION = YES;
				CLANG_WARN_DEPRECATED_OBJC_IMPLEMENTATIONS = YES;
				CLANG_WARN_DIRECT_OBJC_ISA_USAGE = YES_ERROR;
				CLANG_WARN_DOCUMENTATION_COMMENTS = YES;
				CLANG_WARN_EMPTY_BODY = YES;
				CLANG_WARN_ENUM_CONVERSION = YES;
				CLANG_WARN_INFINITE_RECURSION = YES;
				CLANG_WARN_INT_CONVERSION = YES;
				CLANG_WARN_NON_LITERAL_NULL_CONVERSION = YES;
				CLANG_WARN_OBJC_IMPLICIT_RETAIN_SELF = YES;
				CLANG_WARN_OBJC_LITERAL_CONVERSION = YES;
				CLANG_WARN_OBJC_ROOT_CLASS = YES_ERROR;
				CLANG_WARN_QUOTED_INCLUDE_IN_FRAMEWORK_HEADER = YES;
				CLANG_WARN_RANGE_LOOP_ANALYSIS = YES;
				CLANG_WARN_STRICT_PROTOTYPES = YES;
				CLANG_WARN_SUSPICIOUS_MOVE = YES;
				CLANG_WARN_UNGUARDED_AVAILABILITY = YES_AGGRESSIVE;
				CLANG_WARN_UNREACHABLE_CODE = YES;
				CLANG_WARN__DUPLICATE_METHOD_MATCH = YES;
				COPY_PHASE_STRIP = NO;
				DEBUG_INFORMATION_FORMAT = "dwarf-with-dsym";
				ENABLE_NS_ASSERTIONS = NO;
				ENABLE_STRICT_OBJC_MSGSEND = YES;
				GCC_C_LANGUAGE_STANDARD = gnu11;
				GCC_NO_COMMON_BLOCKS = YES;
				GCC_WARN_64_TO_32_BIT_CONVERSION = YES;
				GCC_WARN_ABOUT_RETURN_TYPE = YES_ERROR;
				GCC_WARN_UNDECLARED_SELECTOR = YES;
				GCC_WARN_UNINITIALIZED_AUTOS = YES_AGGRESSIVE;
				GCC_WARN_UNUSED_FUNCTION = YES;
				GCC_WARN_UNUSED_VARIABLE = YES;
				IPHONEOS_DEPLOYMENT_TARGET = 16.4;
				MTL_ENABLE_DEBUG_INFO = NO;
				MTL_FAST_MATH = YES;
				SDKROOT = iphoneos;
				SWIFT_COMPILATION_MODE = wholemodule;
				SWIFT_OPTIMIZATION_LEVEL = "-O";
				VALIDATE_PRODUCT = YES;
			};
			name = Release;
		};
		FA80724B2A30A83700DEA864 /* Debug */ = {
			isa = XCBuildConfiguration;
			buildSettings = {
				ASSETCATALOG_COMPILER_APPICON_NAME = AppIcon;
				ASSETCATALOG_COMPILER_GLOBAL_ACCENT_COLOR_NAME = AccentColor;
				CODE_SIGN_STYLE = Automatic;
				CURRENT_PROJECT_VERSION = 1;
				DEVELOPMENT_ASSET_PATHS = "\"QuarterFlip/Preview Content\"";
				DEVELOPMENT_TEAM = ST3PH6NUXB;
				ENABLE_PREVIEWS = YES;
				GENERATE_INFOPLIST_FILE = YES;
				INFOPLIST_KEY_UIApplicationSceneManifest_Generation = YES;
				INFOPLIST_KEY_UIApplicationSupportsIndirectInputEvents = YES;
				INFOPLIST_KEY_UILaunchScreen_Generation = YES;
				INFOPLIST_KEY_UISupportedInterfaceOrientations_iPad = "UIInterfaceOrientationPortrait UIInterfaceOrientationPortraitUpsideDown UIInterfaceOrientationLandscapeLeft UIInterfaceOrientationLandscapeRight";
				INFOPLIST_KEY_UISupportedInterfaceOrientations_iPhone = "UIInterfaceOrientationPortrait UIInterfaceOrientationLandscapeLeft UIInterfaceOrientationLandscapeRight";
				LD_RUNPATH_SEARCH_PATHS = (
					"$(inherited)",
					"@executable_path/Frameworks",
				);
				MARKETING_VERSION = 1.0;
				PRODUCT_BUNDLE_IDENTIFIER = com.i4software.QuarterFlip;
				PRODUCT_NAME = "$(TARGET_NAME)";
				SWIFT_EMIT_LOC_STRINGS = YES;
				SWIFT_VERSION = 5.0;
				TARGETED_DEVICE_FAMILY = "1,2";
			};
			name = Debug;
		};
		FA80724C2A30A83700DEA864 /* Release */ = {
			isa = XCBuildConfiguration;
			buildSettings = {
				ASSETCATALOG_COMPILER_APPICON_NAME = AppIcon;
				ASSETCATALOG_COMPILER_GLOBAL_ACCENT_COLOR_NAME = AccentColor;
				CODE_SIGN_STYLE = Automatic;
				CURRENT_PROJECT_VERSION = 1;
				DEVELOPMENT_ASSET_PATHS = "\"QuarterFlip/Preview Content\"";
				DEVELOPMENT_TEAM = ST3PH6NUXB;
				ENABLE_PREVIEWS = YES;
				GENERATE_INFOPLIST_FILE = YES;
				INFOPLIST_KEY_UIApplicationSceneManifest_Generation = YES;
				INFOPLIST_KEY_UIApplicationSupportsIndirectInputEvents = YES;
				INFOPLIST_KEY_UILaunchScreen_Generation = YES;
				INFOPLIST_KEY_UISupportedInterfaceOrientations_iPad = "UIInterfaceOrientationPortrait UIInterfaceOrientationPortraitUpsideDown UIInterfaceOrientationLandscapeLeft UIInterfaceOrientationLandscapeRight";
				INFOPLIST_KEY_UISupportedInterfaceOrientations_iPhone = "UIInterfaceOrientationPortrait UIInterfaceOrientationLandscapeLeft UIInterfaceOrientationLandscapeRight";
				LD_RUNPATH_SEARCH_PATHS = (
					"$(inherited)",
					"@executable_path/Frameworks",
				);
				MARKETING_VERSION = 1.0;
				PRODUCT_BUNDLE_IDENTIFIER = com.i4software.QuarterFlip;
				PRODUCT_NAME = "$(TARGET_NAME)";
				SWIFT_EMIT_LOC_STRINGS = YES;
				SWIFT_VERSION = 5.0;
				TARGETED_DEVICE_FAMILY = "1,2";
			};
			name = Release;
		};
/* End XCBuildConfiguration section */

/* Begin XCConfigurationList section */
		FA8072372A30A83500DEA864 /* Build configuration list for PBXProject "QuarterFlip" */ = {
			isa = XCConfigurationList;
			buildConfigurations = (
				FA8072482A30A83700DEA864 /* Debug */,
				FA8072492A30A83700DEA864 /* Release */,
			);
			defaultConfigurationIsVisible = 0;
			defaultConfigurationName = Release;
		};
		FA80724A2A30A83700DEA864 /* Build configuration list for PBXNativeTarget "QuarterFlip" */ = {
			isa = XCConfigurationList;
			buildConfigurations = (
				FA80724B2A30A83700DEA864 /* Debug */,
				FA80724C2A30A83700DEA864 /* Release */,
			);
			defaultConfigurationIsVisible = 0;
			defaultConfigurationName = Release;
		};
/* End XCConfigurationList section */
	};
	rootObject = FA8072342A30A83500DEA864 /* Project object */;
}
